// !$*UTF8*$!
{
	archiveVersion = 1;
	classes = {
	};
	objectVersion = 56;
	objects = {

/* Begin PBXBuildFile section */
		20B6603B2C5D278F0033C4B2 /* AppDelegate.swift in Sources */ = {isa = PBXBuildFile; fileRef = 20B6603A2C5D278F0033C4B2 /* AppDelegate.swift */; };
		20B6603D2C5D278F0033C4B2 /* SceneDelegate.swift in Sources */ = {isa = PBXBuildFile; fileRef = 20B6603C2C5D278F0033C4B2 /* SceneDelegate.swift */; };
		20B6603F2C5D278F0033C4B2 /* CourseDetailsViewController.swift in Sources */ = {isa = PBXBuildFile; fileRef = 20B6603E2C5D278F0033C4B2 /* CourseDetailsViewController.swift */; };
		20B660442C5D27920033C4B2 /* Assets.xcassets in Resources */ = {isa = PBXBuildFile; fileRef = 20B660432C5D27920033C4B2 /* Assets.xcassets */; };
		20B660472C5D27920033C4B2 /* Base in Resources */ = {isa = PBXBuildFile; fileRef = 20B660462C5D27920033C4B2 /* Base */; };
		20B6604F2C5D295C0033C4B2 /* Course.swift in Sources */ = {isa = PBXBuildFile; fileRef = 20B6604E2C5D295C0033C4B2 /* Course.swift */; };
		20B660512C5D2C190033C4B2 /* DataManager.swift in Sources */ = {isa = PBXBuildFile; fileRef = 20B660502C5D2C190033C4B2 /* DataManager.swift */; };
		20B660532C5D2E420033C4B2 /* ImageManager.swift in Sources */ = {isa = PBXBuildFile; fileRef = 20B660522C5D2E420033C4B2 /* ImageManager.swift */; };
		20B660552C5D2E910033C4B2 /* NetworkManager.swift in Sources */ = {isa = PBXBuildFile; fileRef = 20B660542C5D2E910033C4B2 /* NetworkManager.swift */; };
		20B660572C5D32300033C4B2 /* CourseDetailsPresenter.swift in Sources */ = {isa = PBXBuildFile; fileRef = 20B660562C5D32300033C4B2 /* CourseDetailsPresenter.swift */; };
		20B660592C5D33760033C4B2 /* CourseDetailsInteractor.swift in Sources */ = {isa = PBXBuildFile; fileRef = 20B660582C5D33760033C4B2 /* CourseDetailsInteractor.swift */; };
		20B6605B2C5D37440033C4B2 /* CourseDetailsIConfigurator.swift in Sources */ = {isa = PBXBuildFile; fileRef = 20B6605A2C5D37440033C4B2 /* CourseDetailsIConfigurator.swift */; };
		20B660612C5E41360033C4B2 /* Main.storyboard in Resources */ = {isa = PBXBuildFile; fileRef = 20B660602C5E41360033C4B2 /* Main.storyboard */; };
/* End PBXBuildFile section */

/* Begin PBXFileReference section */
		20B660372C5D278F0033C4B2 /* CoursesViper.app */ = {isa = PBXFileReference; explicitFileType = wrapper.application; includeInIndex = 0; path = CoursesViper.app; sourceTree = BUILT_PRODUCTS_DIR; };
		20B6603A2C5D278F0033C4B2 /* AppDelegate.swift */ = {isa = PBXFileReference; lastKnownFileType = sourcecode.swift; path = AppDelegate.swift; sourceTree = "<group>"; };
		20B6603C2C5D278F0033C4B2 /* SceneDelegate.swift */ = {isa = PBXFileReference; lastKnownFileType = sourcecode.swift; path = SceneDelegate.swift; sourceTree = "<group>"; };
		20B6603E2C5D278F0033C4B2 /* CourseDetailsViewController.swift */ = {isa = PBXFileReference; lastKnownFileType = sourcecode.swift; path = CourseDetailsViewController.swift; sourceTree = "<group>"; };
		20B660432C5D27920033C4B2 /* Assets.xcassets */ = {isa = PBXFileReference; lastKnownFileType = folder.assetcatalog; path = Assets.xcassets; sourceTree = "<group>"; };
		20B660462C5D27920033C4B2 /* Base */ = {isa = PBXFileReference; lastKnownFileType = file.storyboard; name = Base; path = Base.lproj/LaunchScreen.storyboard; sourceTree = "<group>"; };
		20B660482C5D27920033C4B2 /* Info.plist */ = {isa = PBXFileReference; lastKnownFileType = text.plist.xml; path = Info.plist; sourceTree = "<group>"; };
		20B6604E2C5D295C0033C4B2 /* Course.swift */ = {isa = PBXFileReference; lastKnownFileType = sourcecode.swift; path = Course.swift; sourceTree = "<group>"; };
		20B660502C5D2C190033C4B2 /* DataManager.swift */ = {isa = PBXFileReference; lastKnownFileType = sourcecode.swift; path = DataManager.swift; sourceTree = "<group>"; };
		20B660522C5D2E420033C4B2 /* ImageManager.swift */ = {isa = PBXFileReference; lastKnownFileType = sourcecode.swift; path = ImageManager.swift; sourceTree = "<group>"; };
		20B660542C5D2E910033C4B2 /* NetworkManager.swift */ = {isa = PBXFileReference; lastKnownFileType = sourcecode.swift; path = NetworkManager.swift; sourceTree = "<group>"; };
		20B660562C5D32300033C4B2 /* CourseDetailsPresenter.swift */ = {isa = PBXFileReference; lastKnownFileType = sourcecode.swift; path = CourseDetailsPresenter.swift; sourceTree = "<group>"; };
		20B660582C5D33760033C4B2 /* CourseDetailsInteractor.swift */ = {isa = PBXFileReference; lastKnownFileType = sourcecode.swift; path = CourseDetailsInteractor.swift; sourceTree = "<group>"; };
		20B6605A2C5D37440033C4B2 /* CourseDetailsIConfigurator.swift */ = {isa = PBXFileReference; lastKnownFileType = sourcecode.swift; path = CourseDetailsIConfigurator.swift; sourceTree = "<group>"; };
		20B660602C5E41360033C4B2 /* Main.storyboard */ = {isa = PBXFileReference; lastKnownFileType = file.storyboard; path = Main.storyboard; sourceTree = "<group>"; };
/* End PBXFileReference section */

/* Begin PBXFrameworksBuildPhase section */
		20B660342C5D278F0033C4B2 /* Frameworks */ = {
			isa = PBXFrameworksBuildPhase;
			buildActionMask = 2147483647;
			files = (
			);
			runOnlyForDeploymentPostprocessing = 0;
		};
/* End PBXFrameworksBuildPhase section */

/* Begin PBXGroup section */
		20B6602E2C5D278F0033C4B2 = {
			isa = PBXGroup;
			children = (
				20B660392C5D278F0033C4B2 /* CoursesViper */,
				20B660382C5D278F0033C4B2 /* Products */,
			);
			sourceTree = "<group>";
		};
		20B660382C5D278F0033C4B2 /* Products */ = {
			isa = PBXGroup;
			children = (
				20B660372C5D278F0033C4B2 /* CoursesViper.app */,
			);
			name = Products;
			sourceTree = "<group>";
		};
		20B660392C5D278F0033C4B2 /* CoursesViper */ = {
			isa = PBXGroup;
			children = (
				20B6603A2C5D278F0033C4B2 /* AppDelegate.swift */,
				20B6603C2C5D278F0033C4B2 /* SceneDelegate.swift */,
				20B660482C5D27920033C4B2 /* Info.plist */,
				20B6605C2C5E3F770033C4B2 /* CourseDetails */,
				20B6605D2C5E40210033C4B2 /* Model */,
				20B6605E2C5E40290033C4B2 /* Services */,
				20B6605F2C5E40330033C4B2 /* Storyaboard */,
				20B660432C5D27920033C4B2 /* Assets.xcassets */,
			);
			path = CoursesViper;
			sourceTree = "<group>";
		};
		20B6605C2C5E3F770033C4B2 /* CourseDetails */ = {
			isa = PBXGroup;
			children = (
				20B6603E2C5D278F0033C4B2 /* CourseDetailsViewController.swift */,
				20B660562C5D32300033C4B2 /* CourseDetailsPresenter.swift */,
				20B660582C5D33760033C4B2 /* CourseDetailsInteractor.swift */,
				20B6605A2C5D37440033C4B2 /* CourseDetailsIConfigurator.swift */,
			);
			path = CourseDetails;
			sourceTree = "<group>";
		};
		20B6605D2C5E40210033C4B2 /* Model */ = {
			isa = PBXGroup;
			children = (
				20B6604E2C5D295C0033C4B2 /* Course.swift */,
			);
			path = Model;
			sourceTree = "<group>";
		};
		20B6605E2C5E40290033C4B2 /* Services */ = {
			isa = PBXGroup;
			children = (
				20B660502C5D2C190033C4B2 /* DataManager.swift */,
				20B660522C5D2E420033C4B2 /* ImageManager.swift */,
				20B660542C5D2E910033C4B2 /* NetworkManager.swift */,
			);
			path = Services;
			sourceTree = "<group>";
		};
		20B6605F2C5E40330033C4B2 /* Storyaboard */ = {
			isa = PBXGroup;
			children = (
				20B660452C5D27920033C4B2 /* LaunchScreen.storyboard */,
				20B660602C5E41360033C4B2 /* Main.storyboard */,
			);
			path = Storyaboard;
			sourceTree = "<group>";
		};
/* End PBXGroup section */

/* Begin PBXNativeTarget section */
		20B660362C5D278F0033C4B2 /* CoursesViper */ = {
			isa = PBXNativeTarget;
			buildConfigurationList = 20B6604B2C5D27920033C4B2 /* Build configuration list for PBXNativeTarget "CoursesViper" */;
			buildPhases = (
				20B660332C5D278F0033C4B2 /* Sources */,
				20B660342C5D278F0033C4B2 /* Frameworks */,
				20B660352C5D278F0033C4B2 /* Resources */,
			);
			buildRules = (
			);
			dependencies = (
			);
			name = CoursesViper;
			productName = CoursesViper;
			productReference = 20B660372C5D278F0033C4B2 /* CoursesViper.app */;
			productType = "com.apple.product-type.application";
		};
/* End PBXNativeTarget section */

/* Begin PBXProject section */
		20B6602F2C5D278F0033C4B2 /* Project object */ = {
			isa = PBXProject;
			attributes = {
				BuildIndependentTargetsInParallel = 1;
				LastSwiftUpdateCheck = 1540;
				LastUpgradeCheck = 1540;
				TargetAttributes = {
					20B660362C5D278F0033C4B2 = {
						CreatedOnToolsVersion = 15.4;
					};
				};
			};
			buildConfigurationList = 20B660322C5D278F0033C4B2 /* Build configuration list for PBXProject "CoursesViper" */;
			compatibilityVersion = "Xcode 14.0";
			developmentRegion = en;
			hasScannedForEncodings = 0;
			knownRegions = (
				en,
				Base,
			);
			mainGroup = 20B6602E2C5D278F0033C4B2;
			productRefGroup = 20B660382C5D278F0033C4B2 /* Products */;
			projectDirPath = "";
			projectRoot = "";
			targets = (
				20B660362C5D278F0033C4B2 /* CoursesViper */,
			);
		};
/* End PBXProject section */

/* Begin PBXResourcesBuildPhase section */
		20B660352C5D278F0033C4B2 /* Resources */ = {
			isa = PBXResourcesBuildPhase;
			buildActionMask = 2147483647;
			files = (
				20B660612C5E41360033C4B2 /* Main.storyboard in Resources */,
				20B660442C5D27920033C4B2 /* Assets.xcassets in Resources */,
				20B660472C5D27920033C4B2 /* Base in Resources */,
			);
			runOnlyForDeploymentPostprocessing = 0;
		};
/* End PBXResourcesBuildPhase section */

/* Begin PBXSourcesBuildPhase section */
		20B660332C5D278F0033C4B2 /* Sources */ = {
			isa = PBXSourcesBuildPhase;
			buildActionMask = 2147483647;
			files = (
				20B6604F2C5D295C0033C4B2 /* Course.swift in Sources */,
				20B660512C5D2C190033C4B2 /* DataManager.swift in Sources */,
				20B6603F2C5D278F0033C4B2 /* CourseDetailsViewController.swift in Sources */,
				20B660552C5D2E910033C4B2 /* NetworkManager.swift in Sources */,
				20B660532C5D2E420033C4B2 /* ImageManager.swift in Sources */,
				20B6603B2C5D278F0033C4B2 /* AppDelegate.swift in Sources */,
				20B6605B2C5D37440033C4B2 /* CourseDetailsIConfigurator.swift in Sources */,
				20B660572C5D32300033C4B2 /* CourseDetailsPresenter.swift in Sources */,
				20B660592C5D33760033C4B2 /* CourseDetailsInteractor.swift in Sources */,
				20B6603D2C5D278F0033C4B2 /* SceneDelegate.swift in Sources */,
			);
			runOnlyForDeploymentPostprocessing = 0;
		};
/* End PBXSourcesBuildPhase section */

/* Begin PBXVariantGroup section */
		20B660452C5D27920033C4B2 /* LaunchScreen.storyboard */ = {
			isa = PBXVariantGroup;
			children = (
				20B660462C5D27920033C4B2 /* Base */,
			);
			name = LaunchScreen.storyboard;
			sourceTree = "<group>";
		};
/* End PBXVariantGroup section */

/* Begin XCBuildConfiguration section */
		20B660492C5D27920033C4B2 /* Debug */ = {
			isa = XCBuildConfiguration;
			buildSettings = {
				ALWAYS_SEARCH_USER_PATHS = NO;
				ASSETCATALOG_COMPILER_GENERATE_SWIFT_ASSET_SYMBOL_EXTENSIONS = YES;
				CLANG_ANALYZER_NONNULL = YES;
				CLANG_ANALYZER_NUMBER_OBJECT_CONVERSION = YES_AGGRESSIVE;
				CLANG_CXX_LANGUAGE_STANDARD = "gnu++20";
				CLANG_ENABLE_MODULES = YES;
				CLANG_ENABLE_OBJC_ARC = YES;
				CLANG_ENABLE_OBJC_WEAK = YES;
				CLANG_WARN_BLOCK_CAPTURE_AUTORELEASING = YES;
				CLANG_WARN_BOOL_CONVERSION = YES;
				CLANG_WARN_COMMA = YES;
				CLANG_WARN_CONSTANT_CONVERSION = YES;
				CLANG_WARN_DEPRECATED_OBJC_IMPLEMENTATIONS = YES;
				CLANG_WARN_DIRECT_OBJC_ISA_USAGE = YES_ERROR;
				CLANG_WARN_DOCUMENTATION_COMMENTS = YES;
				CLANG_WARN_EMPTY_BODY = YES;
				CLANG_WARN_ENUM_CONVERSION = YES;
				CLANG_WARN_INFINITE_RECURSION = YES;
				CLANG_WARN_INT_CONVERSION = YES;
				CLANG_WARN_NON_LITERAL_NULL_CONVERSION = YES;
				CLANG_WARN_OBJC_IMPLICIT_RETAIN_SELF = YES;
				CLANG_WARN_OBJC_LITERAL_CONVERSION = YES;
				CLANG_WARN_OBJC_ROOT_CLASS = YES_ERROR;
				CLANG_WARN_QUOTED_INCLUDE_IN_FRAMEWORK_HEADER = YES;
				CLANG_WARN_RANGE_LOOP_ANALYSIS = YES;
				CLANG_WARN_STRICT_PROTOTYPES = YES;
				CLANG_WARN_SUSPICIOUS_MOVE = YES;
				CLANG_WARN_UNGUARDED_AVAILABILITY = YES_AGGRESSIVE;
				CLANG_WARN_UNREACHABLE_CODE = YES;
				CLANG_WARN__DUPLICATE_METHOD_MATCH = YES;
				COPY_PHASE_STRIP = NO;
				DEBUG_INFORMATION_FORMAT = dwarf;
				ENABLE_STRICT_OBJC_MSGSEND = YES;
				ENABLE_TESTABILITY = YES;
				ENABLE_USER_SCRIPT_SANDBOXING = YES;
				GCC_C_LANGUAGE_STANDARD = gnu17;
				GCC_DYNAMIC_NO_PIC = NO;
				GCC_NO_COMMON_BLOCKS = YES;
				GCC_OPTIMIZATION_LEVEL = 0;
				GCC_PREPROCESSOR_DEFINITIONS = (
					"DEBUG=1",
					"$(inherited)",
				);
				GCC_WARN_64_TO_32_BIT_CONVERSION = YES;
				GCC_WARN_ABOUT_RETURN_TYPE = YES_ERROR;
				GCC_WARN_UNDECLARED_SELECTOR = YES;
				GCC_WARN_UNINITIALIZED_AUTOS = YES_AGGRESSIVE;
				GCC_WARN_UNUSED_FUNCTION = YES;
				GCC_WARN_UNUSED_VARIABLE = YES;
				IPHONEOS_DEPLOYMENT_TARGET = 17.5;
				LOCALIZATION_PREFERS_STRING_CATALOGS = YES;
				MTL_ENABLE_DEBUG_INFO = INCLUDE_SOURCE;
				MTL_FAST_MATH = YES;
				ONLY_ACTIVE_ARCH = YES;
				SDKROOT = iphoneos;
				SWIFT_ACTIVE_COMPILATION_CONDITIONS = "DEBUG $(inherited)";
				SWIFT_OPTIMIZATION_LEVEL = "-Onone";
			};
			name = Debug;
		};
		20B6604A2C5D27920033C4B2 /* Release */ = {
			isa = XCBuildConfiguration;
			buildSettings = {
				ALWAYS_SEARCH_USER_PATHS = NO;
				ASSETCATALOG_COMPILER_GENERATE_SWIFT_ASSET_SYMBOL_EXTENSIONS = YES;
				CLANG_ANALYZER_NONNULL = YES;
				CLANG_ANALYZER_NUMBER_OBJECT_CONVERSION = YES_AGGRESSIVE;
				CLANG_CXX_LANGUAGE_STANDARD = "gnu++20";
				CLANG_ENABLE_MODULES = YES;
				CLANG_ENABLE_OBJC_ARC = YES;
				CLANG_ENABLE_OBJC_WEAK = YES;
				CLANG_WARN_BLOCK_CAPTURE_AUTORELEASING = YES;
				CLANG_WARN_BOOL_CONVERSION = YES;
				CLANG_WARN_COMMA = YES;
				CLANG_WARN_CONSTANT_CONVERSION = YES;
				CLANG_WARN_DEPRECATED_OBJC_IMPLEMENTATIONS = YES;
				CLANG_WARN_DIRECT_OBJC_ISA_USAGE = YES_ERROR;
				CLANG_WARN_DOCUMENTATION_COMMENTS = YES;
				CLANG_WARN_EMPTY_BODY = YES;
				CLANG_WARN_ENUM_CONVERSION = YES;
				CLANG_WARN_INFINITE_RECURSION = YES;
				CLANG_WARN_INT_CONVERSION = YES;
				CLANG_WARN_NON_LITERAL_NULL_CONVERSION = YES;
				CLANG_WARN_OBJC_IMPLICIT_RETAIN_SELF = YES;
				CLANG_WARN_OBJC_LITERAL_CONVERSION = YES;
				CLANG_WARN_OBJC_ROOT_CLASS = YES_ERROR;
				CLANG_WARN_QUOTED_INCLUDE_IN_FRAMEWORK_HEADER = YES;
				CLANG_WARN_RANGE_LOOP_ANALYSIS = YES;
				CLANG_WARN_STRICT_PROTOTYPES = YES;
				CLANG_WARN_SUSPICIOUS_MOVE = YES;
				CLANG_WARN_UNGUARDED_AVAILABILITY = YES_AGGRESSIVE;
				CLANG_WARN_UNREACHABLE_CODE = YES;
				CLANG_WARN__DUPLICATE_METHOD_MATCH = YES;
				COPY_PHASE_STRIP = NO;
				DEBUG_INFORMATION_FORMAT = "dwarf-with-dsym";
				ENABLE_NS_ASSERTIONS = NO;
				ENABLE_STRICT_OBJC_MSGSEND = YES;
				ENABLE_USER_SCRIPT_SANDBOXING = YES;
				GCC_C_LANGUAGE_STANDARD = gnu17;
				GCC_NO_COMMON_BLOCKS = YES;
				GCC_WARN_64_TO_32_BIT_CONVERSION = YES;
				GCC_WARN_ABOUT_RETURN_TYPE = YES_ERROR;
				GCC_WARN_UNDECLARED_SELECTOR = YES;
				GCC_WARN_UNINITIALIZED_AUTOS = YES_AGGRESSIVE;
				GCC_WARN_UNUSED_FUNCTION = YES;
				GCC_WARN_UNUSED_VARIABLE = YES;
				IPHONEOS_DEPLOYMENT_TARGET = 17.5;
				LOCALIZATION_PREFERS_STRING_CATALOGS = YES;
				MTL_ENABLE_DEBUG_INFO = NO;
				MTL_FAST_MATH = YES;
				SDKROOT = iphoneos;
				SWIFT_COMPILATION_MODE = wholemodule;
				VALIDATE_PRODUCT = YES;
			};
			name = Release;
		};
		20B6604C2C5D27920033C4B2 /* Debug */ = {
			isa = XCBuildConfiguration;
			buildSettings = {
				ASSETCATALOG_COMPILER_APPICON_NAME = AppIcon;
				ASSETCATALOG_COMPILER_GLOBAL_ACCENT_COLOR_NAME = AccentColor;
				CODE_SIGN_STYLE = Automatic;
				CURRENT_PROJECT_VERSION = 1;
				DEVELOPMENT_TEAM = 4388DYHSZ6;
				GENERATE_INFOPLIST_FILE = YES;
				INFOPLIST_FILE = CoursesViper/Info.plist;
				INFOPLIST_KEY_UIApplicationSupportsIndirectInputEvents = YES;
				INFOPLIST_KEY_UILaunchStoryboardName = LaunchScreen;
				INFOPLIST_KEY_UIMainStoryboardFile = Main;
				INFOPLIST_KEY_UISupportedInterfaceOrientations = UIInterfaceOrientationPortrait;
				INFOPLIST_KEY_UISupportedInterfaceOrientations_iPad = "UIInterfaceOrientationLandscapeLeft UIInterfaceOrientationLandscapeRight UIInterfaceOrientationPortrait UIInterfaceOrientationPortraitUpsideDown";
				LD_RUNPATH_SEARCH_PATHS = (
					"$(inherited)",
					"@executable_path/Frameworks",
				);
				MARKETING_VERSION = 1.0;
				PRODUCT_BUNDLE_IDENTIFIER = KobelevaDaria.CoursesViper;
				PRODUCT_NAME = "$(TARGET_NAME)";
				SUPPORTED_PLATFORMS = "iphoneos iphonesimulator";
				SUPPORTS_MACCATALYST = NO;
				SUPPORTS_MAC_DESIGNED_FOR_IPHONE_IPAD = NO;
				SUPPORTS_XR_DESIGNED_FOR_IPHONE_IPAD = NO;
				SWIFT_EMIT_LOC_STRINGS = YES;
				SWIFT_VERSION = 5.0;
				TARGETED_DEVICE_FAMILY = 1;
			};
			name = Debug;
		};
		20B6604D2C5D27920033C4B2 /* Release */ = {
			isa = XCBuildConfiguration;
			buildSettings = {
				ASSETCATALOG_COMPILER_APPICON_NAME = AppIcon;
				ASSETCATALOG_COMPILER_GLOBAL_ACCENT_COLOR_NAME = AccentColor;
				CODE_SIGN_STYLE = Automatic;
				CURRENT_PROJECT_VERSION = 1;
				DEVELOPMENT_TEAM = 4388DYHSZ6;
				GENERATE_INFOPLIST_FILE = YES;
				INFOPLIST_FILE = CoursesViper/Info.plist;
				INFOPLIST_KEY_UIApplicationSupportsIndirectInputEvents = YES;
				INFOPLIST_KEY_UILaunchStoryboardName = LaunchScreen;
				INFOPLIST_KEY_UIMainStoryboardFile = Main;
				INFOPLIST_KEY_UISupportedInterfaceOrientations = UIInterfaceOrientationPortrait;
				INFOPLIST_KEY_UISupportedInterfaceOrientations_iPad = "UIInterfaceOrientationLandscapeLeft UIInterfaceOrientationLandscapeRight UIInterfaceOrientationPortrait UIInterfaceOrientationPortraitUpsideDown";
				LD_RUNPATH_SEARCH_PATHS = (
					"$(inherited)",
					"@executable_path/Frameworks",
				);
				MARKETING_VERSION = 1.0;
				PRODUCT_BUNDLE_IDENTIFIER = KobelevaDaria.CoursesViper;
				PRODUCT_NAME = "$(TARGET_NAME)";
				SUPPORTED_PLATFORMS = "iphoneos iphonesimulator";
				SUPPORTS_MACCATALYST = NO;
				SUPPORTS_MAC_DESIGNED_FOR_IPHONE_IPAD = NO;
				SUPPORTS_XR_DESIGNED_FOR_IPHONE_IPAD = NO;
				SWIFT_EMIT_LOC_STRINGS = YES;
				SWIFT_VERSION = 5.0;
				TARGETED_DEVICE_FAMILY = 1;
			};
			name = Release;
		};
/* End XCBuildConfiguration section */

/* Begin XCConfigurationList section */
		20B660322C5D278F0033C4B2 /* Build configuration list for PBXProject "CoursesViper" */ = {
			isa = XCConfigurationList;
			buildConfigurations = (
				20B660492C5D27920033C4B2 /* Debug */,
				20B6604A2C5D27920033C4B2 /* Release */,
			);
			defaultConfigurationIsVisible = 0;
			defaultConfigurationName = Release;
		};
		20B6604B2C5D27920033C4B2 /* Build configuration list for PBXNativeTarget "CoursesViper" */ = {
			isa = XCConfigurationList;
			buildConfigurations = (
				20B6604C2C5D27920033C4B2 /* Debug */,
				20B6604D2C5D27920033C4B2 /* Release */,
			);
			defaultConfigurationIsVisible = 0;
			defaultConfigurationName = Release;
		};
/* End XCConfigurationList section */
	};
	rootObject = 20B6602F2C5D278F0033C4B2 /* Project object */;
}
